
Microsoft Visual Studio Solution File, Format Version 12.00
# Visual Studio Version 17
VisualStudioVersion = 17.4.33205.214
MinimumVisualStudioVersion = 10.0.40219.1
Project("{9A19103F-16F7-4668-BE54-9A1E7A4F7556}") = "Freezbe.Core", "Freezbe.Core\Freezbe.Core.csproj", "{35E368EC-17AA-4271-A122-8C10CD0FAD10}"
EndProject
Project("{9A19103F-16F7-4668-BE54-9A1E7A4F7556}") = "Freezbe.Infrastructure", "Freezbe.Infrastructure\Freezbe.Infrastructure.csproj", "{A7FF18A2-9933-489D-AAFC-5836D6FBD173}"
EndProject
Project("{9A19103F-16F7-4668-BE54-9A1E7A4F7556}") = "Freezbe.Application", "Freezbe.Application\Freezbe.Application.csproj", "{96A0C106-D7EB-41E1-BC5D-510F1F18F2AD}"
EndProject
Project("{FAE04EC0-301F-11D3-BF4B-00C04F79EFBC}") = "Freezbe.Api", "Freezbe.Api\Freezbe.Api.csproj", "{A9D95A6F-5DA0-4365-BAB7-405B98737777}"
EndProject
Project("{FAE04EC0-301F-11D3-BF4B-00C04F79EFBC}") = "Freezbe.Core.Tests.Unit", "Freezbe.UnitTests\Freezbe.Core.Tests.Unit\Freezbe.Core.Tests.Unit.csproj", "{8D288F3C-8A46-439B-B916-DC9A03097B19}"
EndProject
Project("{FAE04EC0-301F-11D3-BF4B-00C04F79EFBC}") = "Freezbe.Application.Tests.Unit", "Freezbe.UnitTests\Freezbe.Application.Tests.Unit\Freezbe.Application.Tests.Unit.csproj", "{262ECD40-CE60-4F67-B822-0D44A02E1FE9}"
EndProject
Project("{FAE04EC0-301F-11D3-BF4B-00C04F79EFBC}") = "Freezbe.Api.Tests.Unit", "Freezbe.UnitTests\Freezbe.Api.Tests.Unit\Freezbe.Api.Tests.Unit.csproj", "{6E872CF9-469C-48A0-AD8E-4B6869E47B1C}"
EndProject
Project("{FAE04EC0-301F-11D3-BF4B-00C04F79EFBC}") = "Freezbe.Infrastructure.Tests.Unit", "Freezbe.UnitTests\Freezbe.Infrastructure.Tests.Unit\Freezbe.Infrastructure.Tests.Unit.csproj", "{38EB8D17-1B42-4522-ACB2-7E3045883979}"
EndProject
Project("{2150E333-8FDC-42A3-9474-1A3956D46DE8}") = "Freezbe.UnitTests", "Freezbe.UnitTests", "{4B182599-88A7-49A8-A131-9F14BF55CDEF}"
EndProject
Global
	GlobalSection(SolutionConfigurationPlatforms) = preSolution
		Debug|Any CPU = Debug|Any CPU
		Release|Any CPU = Release|Any CPU
	EndGlobalSection
	GlobalSection(ProjectConfigurationPlatforms) = postSolution
		{35E368EC-17AA-4271-A122-8C10CD0FAD10}.Debug|Any CPU.ActiveCfg = Debug|Any CPU
		{35E368EC-17AA-4271-A122-8C10CD0FAD10}.Debug|Any CPU.Build.0 = Debug|Any CPU
		{35E368EC-17AA-4271-A122-8C10CD0FAD10}.Release|Any CPU.ActiveCfg = Release|Any CPU
		{35E368EC-17AA-4271-A122-8C10CD0FAD10}.Release|Any CPU.Build.0 = Release|Any CPU
		{A7FF18A2-9933-489D-AAFC-5836D6FBD173}.Debug|Any CPU.ActiveCfg = Debug|Any CPU
		{A7FF18A2-9933-489D-AAFC-5836D6FBD173}.Debug|Any CPU.Build.0 = Debug|Any CPU
		{A7FF18A2-9933-489D-AAFC-5836D6FBD173}.Release|Any CPU.ActiveCfg = Release|Any CPU
		{A7FF18A2-9933-489D-AAFC-5836D6FBD173}.Release|Any CPU.Build.0 = Release|Any CPU
		{96A0C106-D7EB-41E1-BC5D-510F1F18F2AD}.Debug|Any CPU.ActiveCfg = Debug|Any CPU
		{96A0C106-D7EB-41E1-BC5D-510F1F18F2AD}.Debug|Any CPU.Build.0 = Debug|Any CPU
		{96A0C106-D7EB-41E1-BC5D-510F1F18F2AD}.Release|Any CPU.ActiveCfg = Release|Any CPU
		{96A0C106-D7EB-41E1-BC5D-510F1F18F2AD}.Release|Any CPU.Build.0 = Release|Any CPU
		{A9D95A6F-5DA0-4365-BAB7-405B98737777}.Debug|Any CPU.ActiveCfg = Debug|Any CPU
		{A9D95A6F-5DA0-4365-BAB7-405B98737777}.Debug|Any CPU.Build.0 = Debug|Any CPU
		{A9D95A6F-5DA0-4365-BAB7-405B98737777}.Release|Any CPU.ActiveCfg = Release|Any CPU
		{A9D95A6F-5DA0-4365-BAB7-405B98737777}.Release|Any CPU.Build.0 = Release|Any CPU
		{8D288F3C-8A46-439B-B916-DC9A03097B19}.Debug|Any CPU.ActiveCfg = Debug|Any CPU
		{8D288F3C-8A46-439B-B916-DC9A03097B19}.Debug|Any CPU.Build.0 = Debug|Any CPU
		{8D288F3C-8A46-439B-B916-DC9A03097B19}.Release|Any CPU.ActiveCfg = Release|Any CPU
		{8D288F3C-8A46-439B-B916-DC9A03097B19}.Release|Any CPU.Build.0 = Release|Any CPU
		{262ECD40-CE60-4F67-B822-0D44A02E1FE9}.Debug|Any CPU.ActiveCfg = Debug|Any CPU
		{262ECD40-CE60-4F67-B822-0D44A02E1FE9}.Debug|Any CPU.Build.0 = Debug|Any CPU
		{262ECD40-CE60-4F67-B822-0D44A02E1FE9}.Release|Any CPU.ActiveCfg = Release|Any CPU
		{262ECD40-CE60-4F67-B822-0D44A02E1FE9}.Release|Any CPU.Build.0 = Release|Any CPU
		{6E872CF9-469C-48A0-AD8E-4B6869E47B1C}.Debug|Any CPU.ActiveCfg = Debug|Any CPU
		{6E872CF9-469C-48A0-AD8E-4B6869E47B1C}.Debug|Any CPU.Build.0 = Debug|Any CPU
		{6E872CF9-469C-48A0-AD8E-4B6869E47B1C}.Release|Any CPU.ActiveCfg = Release|Any CPU
		{6E872CF9-469C-48A0-AD8E-4B6869E47B1C}.Release|Any CPU.Build.0 = Release|Any CPU
		{38EB8D17-1B42-4522-ACB2-7E3045883979}.Debug|Any CPU.ActiveCfg = Debug|Any CPU
		{38EB8D17-1B42-4522-ACB2-7E3045883979}.Debug|Any CPU.Build.0 = Debug|Any CPU
		{38EB8D17-1B42-4522-ACB2-7E3045883979}.Release|Any CPU.ActiveCfg = Release|Any CPU
		{38EB8D17-1B42-4522-ACB2-7E3045883979}.Release|Any CPU.Build.0 = Release|Any CPU
	EndGlobalSection
	GlobalSection(SolutionProperties) = preSolution
		HideSolutionNode = FALSE
	EndGlobalSection
	GlobalSection(ExtensibilityGlobals) = postSolution
		SolutionGuid = {7145B7CA-1508-4C11-BD81-A6B545B9FAC2}
	EndGlobalSection
	GlobalSection(NestedProjects) = preSolution
		{6E872CF9-469C-48A0-AD8E-4B6869E47B1C} = {4B182599-88A7-49A8-A131-9F14BF55CDEF}
		{262ECD40-CE60-4F67-B822-0D44A02E1FE9} = {4B182599-88A7-49A8-A131-9F14BF55CDEF}
		{8D288F3C-8A46-439B-B916-DC9A03097B19} = {4B182599-88A7-49A8-A131-9F14BF55CDEF}
		{38EB8D17-1B42-4522-ACB2-7E3045883979} = {4B182599-88A7-49A8-A131-9F14BF55CDEF}
	EndGlobalSection
EndGlobal
